// !$*UTF8*$!
{
	archiveVersion = 1;
	classes = {
	};
	objectVersion = 56;
	objects = {

/* Begin PBXBuildFile section */
		3B0A4B1A29E115BA00779F07 /* AppDelegate.swift in Sources */ = {isa = PBXBuildFile; fileRef = 3B0A4B1929E115BA00779F07 /* AppDelegate.swift */; };
		3B0A4B1E29E115BA00779F07 /* ViewController.swift in Sources */ = {isa = PBXBuildFile; fileRef = 3B0A4B1D29E115BA00779F07 /* ViewController.swift */; };
		3B0A4B2329E115BC00779F07 /* Assets.xcassets in Resources */ = {isa = PBXBuildFile; fileRef = 3B0A4B2229E115BC00779F07 /* Assets.xcassets */; };
		3B0A4B2629E115BC00779F07 /* LaunchScreen.storyboard in Resources */ = {isa = PBXBuildFile; fileRef = 3B0A4B2429E115BC00779F07 /* LaunchScreen.storyboard */; };
		3B0A4B3929E12B0B00779F07 /* MealListCell.swift in Sources */ = {isa = PBXBuildFile; fileRef = 3B0A4B3829E12B0B00779F07 /* MealListCell.swift */; };
		3B0A4B3B29E1343C00779F07 /* DetailsViewController.swift in Sources */ = {isa = PBXBuildFile; fileRef = 3B0A4B3A29E1343C00779F07 /* DetailsViewController.swift */; };
		3B9E359029E36BD7002B1491 /* Factories.swift in Sources */ = {isa = PBXBuildFile; fileRef = 3B9E358F29E36BD7002B1491 /* Factories.swift */; };
		3BAB94BF29E26897002CF124 /* MealManager.swift in Sources */ = {isa = PBXBuildFile; fileRef = 3BAB94BE29E26897002CF124 /* MealManager.swift */; };
		3BAB94C229E26DB4002CF124 /* ViewModels.swift in Sources */ = {isa = PBXBuildFile; fileRef = 3BAB94C129E26DB4002CF124 /* ViewModels.swift */; };
		3BAB94C529E27941002CF124 /* CategoryListViewController.swift in Sources */ = {isa = PBXBuildFile; fileRef = 3BAB94C429E27941002CF124 /* CategoryListViewController.swift */; };
		3BAB94C829E27A56002CF124 /* CategoryListCell.swift in Sources */ = {isa = PBXBuildFile; fileRef = 3BAB94C729E27A56002CF124 /* CategoryListCell.swift */; };
/* End PBXBuildFile section */

/* Begin PBXFileReference section */
		3B0A4B1629E115BA00779F07 /* TheMealDB_API.app */ = {isa = PBXFileReference; explicitFileType = wrapper.application; includeInIndex = 0; path = TheMealDB_API.app; sourceTree = BUILT_PRODUCTS_DIR; };
		3B0A4B1929E115BA00779F07 /* AppDelegate.swift */ = {isa = PBXFileReference; lastKnownFileType = sourcecode.swift; path = AppDelegate.swift; sourceTree = "<group>"; };
		3B0A4B1D29E115BA00779F07 /* ViewController.swift */ = {isa = PBXFileReference; lastKnownFileType = sourcecode.swift; path = ViewController.swift; sourceTree = "<group>"; };
		3B0A4B2229E115BC00779F07 /* Assets.xcassets */ = {isa = PBXFileReference; lastKnownFileType = folder.assetcatalog; path = Assets.xcassets; sourceTree = "<group>"; };
		3B0A4B2529E115BC00779F07 /* Base */ = {isa = PBXFileReference; lastKnownFileType = file.storyboard; name = Base; path = Base.lproj/LaunchScreen.storyboard; sourceTree = "<group>"; };
		3B0A4B2729E115BC00779F07 /* Info.plist */ = {isa = PBXFileReference; lastKnownFileType = text.plist.xml; path = Info.plist; sourceTree = "<group>"; };
		3B0A4B3829E12B0B00779F07 /* MealListCell.swift */ = {isa = PBXFileReference; lastKnownFileType = sourcecode.swift; path = MealListCell.swift; sourceTree = "<group>"; };
		3B0A4B3A29E1343C00779F07 /* DetailsViewController.swift */ = {isa = PBXFileReference; lastKnownFileType = sourcecode.swift; path = DetailsViewController.swift; sourceTree = "<group>"; };
		3B9E358F29E36BD7002B1491 /* Factories.swift */ = {isa = PBXFileReference; lastKnownFileType = sourcecode.swift; path = Factories.swift; sourceTree = "<group>"; };
		3BAB94BE29E26897002CF124 /* MealManager.swift */ = {isa = PBXFileReference; lastKnownFileType = sourcecode.swift; path = MealManager.swift; sourceTree = "<group>"; };
		3BAB94C129E26DB4002CF124 /* ViewModels.swift */ = {isa = PBXFileReference; lastKnownFileType = sourcecode.swift; path = ViewModels.swift; sourceTree = "<group>"; };
		3BAB94C429E27941002CF124 /* CategoryListViewController.swift */ = {isa = PBXFileReference; lastKnownFileType = sourcecode.swift; path = CategoryListViewController.swift; sourceTree = "<group>"; };
		3BAB94C729E27A56002CF124 /* CategoryListCell.swift */ = {isa = PBXFileReference; lastKnownFileType = sourcecode.swift; path = CategoryListCell.swift; sourceTree = "<group>"; };
/* End PBXFileReference section */

/* Begin PBXFrameworksBuildPhase section */
		3B0A4B1329E115BA00779F07 /* Frameworks */ = {
			isa = PBXFrameworksBuildPhase;
			buildActionMask = 2147483647;
			files = (
			);
			runOnlyForDeploymentPostprocessing = 0;
		};
/* End PBXFrameworksBuildPhase section */

/* Begin PBXGroup section */
		3B0A4B0D29E115BA00779F07 = {
			isa = PBXGroup;
			children = (
				3B0A4B1829E115BA00779F07 /* TheMealDB_API */,
				3B0A4B1729E115BA00779F07 /* Products */,
			);
			sourceTree = "<group>";
		};
		3B0A4B1729E115BA00779F07 /* Products */ = {
			isa = PBXGroup;
			children = (
				3B0A4B1629E115BA00779F07 /* TheMealDB_API.app */,
			);
			name = Products;
			sourceTree = "<group>";
		};
		3B0A4B1829E115BA00779F07 /* TheMealDB_API */ = {
			isa = PBXGroup;
			children = (
				3B0A4B1929E115BA00779F07 /* AppDelegate.swift */,
				3B0A4B1D29E115BA00779F07 /* ViewController.swift */,
				3BAB94C329E27924002CF124 /* CategoryView */,
				3BAB94C929E2A42D002CF124 /* DetailsView */,
				3BAB94C029E26D77002CF124 /* ViewModels */,
				3BAB94BD29E267FD002CF124 /* Networking */,
				3B9E359129E36C13002B1491 /* Utils */,
				3B0A4B2D29E1161C00779F07 /* Files */,
			);
			path = TheMealDB_API;
			sourceTree = "<group>";
		};
		3B0A4B2D29E1161C00779F07 /* Files */ = {
			isa = PBXGroup;
			children = (
				3B0A4B2429E115BC00779F07 /* LaunchScreen.storyboard */,
				3B0A4B2229E115BC00779F07 /* Assets.xcassets */,
				3B0A4B2729E115BC00779F07 /* Info.plist */,
			);
			name = Files;
			sourceTree = "<group>";
		};
		3B9E359129E36C13002B1491 /* Utils */ = {
			isa = PBXGroup;
			children = (
				3B9E358F29E36BD7002B1491 /* Factories.swift */,
			);
			path = Utils;
			sourceTree = "<group>";
		};
		3BAB94BD29E267FD002CF124 /* Networking */ = {
			isa = PBXGroup;
			children = (
				3BAB94BE29E26897002CF124 /* MealManager.swift */,
			);
			path = Networking;
			sourceTree = "<group>";
		};
		3BAB94C029E26D77002CF124 /* ViewModels */ = {
			isa = PBXGroup;
			children = (
				3BAB94C129E26DB4002CF124 /* ViewModels.swift */,
			);
			path = ViewModels;
			sourceTree = "<group>";
		};
		3BAB94C329E27924002CF124 /* CategoryView */ = {
			isa = PBXGroup;
			children = (
				3BAB94C429E27941002CF124 /* CategoryListViewController.swift */,
				3BAB94C629E27A39002CF124 /* Cells */,
			);
			path = CategoryView;
			sourceTree = "<group>";
		};
		3BAB94C629E27A39002CF124 /* Cells */ = {
			isa = PBXGroup;
			children = (
				3BAB94C729E27A56002CF124 /* CategoryListCell.swift */,
				3B0A4B3829E12B0B00779F07 /* MealListCell.swift */,
			);
			path = Cells;
			sourceTree = "<group>";
		};
		3BAB94C929E2A42D002CF124 /* DetailsView */ = {
			isa = PBXGroup;
			children = (
				3B0A4B3A29E1343C00779F07 /* DetailsViewController.swift */,
			);
			path = DetailsView;
			sourceTree = "<group>";
		};
/* End PBXGroup section */

/* Begin PBXNativeTarget section */
		3B0A4B1529E115BA00779F07 /* TheMealDB_API */ = {
			isa = PBXNativeTarget;
			buildConfigurationList = 3B0A4B2A29E115BC00779F07 /* Build configuration list for PBXNativeTarget "TheMealDB_API" */;
			buildPhases = (
				3B0A4B1229E115BA00779F07 /* Sources */,
				3B0A4B1329E115BA00779F07 /* Frameworks */,
				3B0A4B1429E115BA00779F07 /* Resources */,
			);
			buildRules = (
			);
			dependencies = (
			);
			name = TheMealDB_API;
			productName = TheMealDB_API;
			productReference = 3B0A4B1629E115BA00779F07 /* TheMealDB_API.app */;
			productType = "com.apple.product-type.application";
		};
/* End PBXNativeTarget section */

/* Begin PBXProject section */
		3B0A4B0E29E115BA00779F07 /* Project object */ = {
			isa = PBXProject;
			attributes = {
				BuildIndependentTargetsInParallel = 1;
				LastSwiftUpdateCheck = 1420;
				LastUpgradeCheck = 1420;
				TargetAttributes = {
					3B0A4B1529E115BA00779F07 = {
						CreatedOnToolsVersion = 14.2;
					};
				};
			};
			buildConfigurationList = 3B0A4B1129E115BA00779F07 /* Build configuration list for PBXProject "TheMealDB_API" */;
			compatibilityVersion = "Xcode 14.0";
			developmentRegion = en;
			hasScannedForEncodings = 0;
			knownRegions = (
				en,
				Base,
			);
			mainGroup = 3B0A4B0D29E115BA00779F07;
			productRefGroup = 3B0A4B1729E115BA00779F07 /* Products */;
			projectDirPath = "";
			projectRoot = "";
			targets = (
				3B0A4B1529E115BA00779F07 /* TheMealDB_API */,
			);
		};
/* End PBXProject section */

/* Begin PBXResourcesBuildPhase section */
		3B0A4B1429E115BA00779F07 /* Resources */ = {
			isa = PBXResourcesBuildPhase;
			buildActionMask = 2147483647;
			files = (
				3B0A4B2629E115BC00779F07 /* LaunchScreen.storyboard in Resources */,
				3B0A4B2329E115BC00779F07 /* Assets.xcassets in Resources */,
			);
			runOnlyForDeploymentPostprocessing = 0;
		};
/* End PBXResourcesBuildPhase section */

/* Begin PBXSourcesBuildPhase section */
		3B0A4B1229E115BA00779F07 /* Sources */ = {
			isa = PBXSourcesBuildPhase;
			buildActionMask = 2147483647;
			files = (
				3BAB94C529E27941002CF124 /* CategoryListViewController.swift in Sources */,
				3B0A4B1E29E115BA00779F07 /* ViewController.swift in Sources */,
				3BAB94C229E26DB4002CF124 /* ViewModels.swift in Sources */,
				3BAB94C829E27A56002CF124 /* CategoryListCell.swift in Sources */,
				3B0A4B3B29E1343C00779F07 /* DetailsViewController.swift in Sources */,
				3B0A4B3929E12B0B00779F07 /* MealListCell.swift in Sources */,
				3B9E359029E36BD7002B1491 /* Factories.swift in Sources */,
				3BAB94BF29E26897002CF124 /* MealManager.swift in Sources */,
				3B0A4B1A29E115BA00779F07 /* AppDelegate.swift in Sources */,
			);
			runOnlyForDeploymentPostprocessing = 0;
		};
/* End PBXSourcesBuildPhase section */

/* Begin PBXVariantGroup section */
		3B0A4B2429E115BC00779F07 /* LaunchScreen.storyboard */ = {
			isa = PBXVariantGroup;
			children = (
				3B0A4B2529E115BC00779F07 /* Base */,
			);
			name = LaunchScreen.storyboard;
			sourceTree = "<group>";
		};
/* End PBXVariantGroup section */

/* Begin XCBuildConfiguration section */
		3B0A4B2829E115BC00779F07 /* Debug */ = {
			isa = XCBuildConfiguration;
			buildSettings = {
				ALWAYS_SEARCH_USER_PATHS = NO;
				CLANG_ANALYZER_NONNULL = YES;
				CLANG_ANALYZER_NUMBER_OBJECT_CONVERSION = YES_AGGRESSIVE;
				CLANG_CXX_LANGUAGE_STANDARD = "gnu++20";
				CLANG_ENABLE_MODULES = YES;
				CLANG_ENABLE_OBJC_ARC = YES;
				CLANG_ENABLE_OBJC_WEAK = YES;
				CLANG_WARN_BLOCK_CAPTURE_AUTORELEASING = YES;
				CLANG_WARN_BOOL_CONVERSION = YES;
				CLANG_WARN_COMMA = YES;
				CLANG_WARN_CONSTANT_CONVERSION = YES;
				CLANG_WARN_DEPRECATED_OBJC_IMPLEMENTATIONS = YES;
				CLANG_WARN_DIRECT_OBJC_ISA_USAGE = YES_ERROR;
				CLANG_WARN_DOCUMENTATION_COMMENTS = YES;
				CLANG_WARN_EMPTY_BODY = YES;
				CLANG_WARN_ENUM_CONVERSION = YES;
				CLANG_WARN_INFINITE_RECURSION = YES;
				CLANG_WARN_INT_CONVERSION = YES;
				CLANG_WARN_NON_LITERAL_NULL_CONVERSION = YES;
				CLANG_WARN_OBJC_IMPLICIT_RETAIN_SELF = YES;
				CLANG_WARN_OBJC_LITERAL_CONVERSION = YES;
				CLANG_WARN_OBJC_ROOT_CLASS = YES_ERROR;
				CLANG_WARN_QUOTED_INCLUDE_IN_FRAMEWORK_HEADER = YES;
				CLANG_WARN_RANGE_LOOP_ANALYSIS = YES;
				CLANG_WARN_STRICT_PROTOTYPES = YES;
				CLANG_WARN_SUSPICIOUS_MOVE = YES;
				CLANG_WARN_UNGUARDED_AVAILABILITY = YES_AGGRESSIVE;
				CLANG_WARN_UNREACHABLE_CODE = YES;
				CLANG_WARN__DUPLICATE_METHOD_MATCH = YES;
				COPY_PHASE_STRIP = NO;
				DEBUG_INFORMATION_FORMAT = dwarf;
				ENABLE_STRICT_OBJC_MSGSEND = YES;
				ENABLE_TESTABILITY = YES;
				GCC_C_LANGUAGE_STANDARD = gnu11;
				GCC_DYNAMIC_NO_PIC = NO;
				GCC_NO_COMMON_BLOCKS = YES;
				GCC_OPTIMIZATION_LEVEL = 0;
				GCC_PREPROCESSOR_DEFINITIONS = (
					"DEBUG=1",
					"$(inherited)",
				);
				GCC_WARN_64_TO_32_BIT_CONVERSION = YES;
				GCC_WARN_ABOUT_RETURN_TYPE = YES_ERROR;
				GCC_WARN_UNDECLARED_SELECTOR = YES;
				GCC_WARN_UNINITIALIZED_AUTOS = YES_AGGRESSIVE;
				GCC_WARN_UNUSED_FUNCTION = YES;
				GCC_WARN_UNUSED_VARIABLE = YES;
				IPHONEOS_DEPLOYMENT_TARGET = 16.2;
				MTL_ENABLE_DEBUG_INFO = INCLUDE_SOURCE;
				MTL_FAST_MATH = YES;
				ONLY_ACTIVE_ARCH = YES;
				SDKROOT = iphoneos;
				SWIFT_ACTIVE_COMPILATION_CONDITIONS = DEBUG;
				SWIFT_OPTIMIZATION_LEVEL = "-Onone";
			};
			name = Debug;
		};
		3B0A4B2929E115BC00779F07 /* Release */ = {
			isa = XCBuildConfiguration;
			buildSettings = {
				ALWAYS_SEARCH_USER_PATHS = NO;
				CLANG_ANALYZER_NONNULL = YES;
				CLANG_ANALYZER_NUMBER_OBJECT_CONVERSION = YES_AGGRESSIVE;
				CLANG_CXX_LANGUAGE_STANDARD = "gnu++20";
				CLANG_ENABLE_MODULES = YES;
				CLANG_ENABLE_OBJC_ARC = YES;
				CLANG_ENABLE_OBJC_WEAK = YES;
				CLANG_WARN_BLOCK_CAPTURE_AUTORELEASING = YES;
				CLANG_WARN_BOOL_CONVERSION = YES;
				CLANG_WARN_COMMA = YES;
				CLANG_WARN_CONSTANT_CONVERSION = YES;
				CLANG_WARN_DEPRECATED_OBJC_IMPLEMENTATIONS = YES;
				CLANG_WARN_DIRECT_OBJC_ISA_USAGE = YES_ERROR;
				CLANG_WARN_DOCUMENTATION_COMMENTS = YES;
				CLANG_WARN_EMPTY_BODY = YES;
				CLANG_WARN_ENUM_CONVERSION = YES;
				CLANG_WARN_INFINITE_RECURSION = YES;
				CLANG_WARN_INT_CONVERSION = YES;
				CLANG_WARN_NON_LITERAL_NULL_CONVERSION = YES;
				CLANG_WARN_OBJC_IMPLICIT_RETAIN_SELF = YES;
				CLANG_WARN_OBJC_LITERAL_CONVERSION = YES;
				CLANG_WARN_OBJC_ROOT_CLASS = YES_ERROR;
				CLANG_WARN_QUOTED_INCLUDE_IN_FRAMEWORK_HEADER = YES;
				CLANG_WARN_RANGE_LOOP_ANALYSIS = YES;
				CLANG_WARN_STRICT_PROTOTYPES = YES;
				CLANG_WARN_SUSPICIOUS_MOVE = YES;
				CLANG_WARN_UNGUARDED_AVAILABILITY = YES_AGGRESSIVE;
				CLANG_WARN_UNREACHABLE_CODE = YES;
				CLANG_WARN__DUPLICATE_METHOD_MATCH = YES;
				COPY_PHASE_STRIP = NO;
				DEBUG_INFORMATION_FORMAT = "dwarf-with-dsym";
				ENABLE_NS_ASSERTIONS = NO;
				ENABLE_STRICT_OBJC_MSGSEND = YES;
				GCC_C_LANGUAGE_STANDARD = gnu11;
				GCC_NO_COMMON_BLOCKS = YES;
				GCC_WARN_64_TO_32_BIT_CONVERSION = YES;
				GCC_WARN_ABOUT_RETURN_TYPE = YES_ERROR;
				GCC_WARN_UNDECLARED_SELECTOR = YES;
				GCC_WARN_UNINITIALIZED_AUTOS = YES_AGGRESSIVE;
				GCC_WARN_UNUSED_FUNCTION = YES;
				GCC_WARN_UNUSED_VARIABLE = YES;
				IPHONEOS_DEPLOYMENT_TARGET = 16.2;
				MTL_ENABLE_DEBUG_INFO = NO;
				MTL_FAST_MATH = YES;
				SDKROOT = iphoneos;
				SWIFT_COMPILATION_MODE = wholemodule;
				SWIFT_OPTIMIZATION_LEVEL = "-O";
				VALIDATE_PRODUCT = YES;
			};
			name = Release;
		};
		3B0A4B2B29E115BC00779F07 /* Debug */ = {
			isa = XCBuildConfiguration;
			buildSettings = {
				ASSETCATALOG_COMPILER_APPICON_NAME = AppIcon;
				ASSETCATALOG_COMPILER_GLOBAL_ACCENT_COLOR_NAME = AccentColor;
				CODE_SIGN_STYLE = Automatic;
				CURRENT_PROJECT_VERSION = 1;
				DEVELOPMENT_TEAM = G3VP62JDQQ;
				GENERATE_INFOPLIST_FILE = YES;
				INFOPLIST_FILE = TheMealDB_API/Info.plist;
				INFOPLIST_KEY_UIApplicationSupportsIndirectInputEvents = YES;
				INFOPLIST_KEY_UILaunchStoryboardName = LaunchScreen;
				INFOPLIST_KEY_UISupportedInterfaceOrientations_iPad = "UIInterfaceOrientationPortrait UIInterfaceOrientationPortraitUpsideDown UIInterfaceOrientationLandscapeLeft UIInterfaceOrientationLandscapeRight";
				INFOPLIST_KEY_UISupportedInterfaceOrientations_iPhone = "UIInterfaceOrientationPortrait UIInterfaceOrientationLandscapeLeft UIInterfaceOrientationLandscapeRight";
				LD_RUNPATH_SEARCH_PATHS = (
					"$(inherited)",
					"@executable_path/Frameworks",
				);
				MARKETING_VERSION = 1.0;
				PRODUCT_BUNDLE_IDENTIFIER = "dmitriikim.TheMealDB-API";
				PRODUCT_NAME = "$(TARGET_NAME)";
				SWIFT_EMIT_LOC_STRINGS = YES;
				SWIFT_VERSION = 5.0;
				TARGETED_DEVICE_FAMILY = "1,2";
			};
			name = Debug;
		};
		3B0A4B2C29E115BC00779F07 /* Release */ = {
			isa = XCBuildConfiguration;
			buildSettings = {
				ASSETCATALOG_COMPILER_APPICON_NAME = AppIcon;
				ASSETCATALOG_COMPILER_GLOBAL_ACCENT_COLOR_NAME = AccentColor;
				CODE_SIGN_STYLE = Automatic;
				CURRENT_PROJECT_VERSION = 1;
				DEVELOPMENT_TEAM = G3VP62JDQQ;
				GENERATE_INFOPLIST_FILE = YES;
				INFOPLIST_FILE = TheMealDB_API/Info.plist;
				INFOPLIST_KEY_UIApplicationSupportsIndirectInputEvents = YES;
				INFOPLIST_KEY_UILaunchStoryboardName = LaunchScreen;
				INFOPLIST_KEY_UISupportedInterfaceOrientations_iPad = "UIInterfaceOrientationPortrait UIInterfaceOrientationPortraitUpsideDown UIInterfaceOrientationLandscapeLeft UIInterfaceOrientationLandscapeRight";
				INFOPLIST_KEY_UISupportedInterfaceOrientations_iPhone = "UIInterfaceOrientationPortrait UIInterfaceOrientationLandscapeLeft UIInterfaceOrientationLandscapeRight";
				LD_RUNPATH_SEARCH_PATHS = (
					"$(inherited)",
					"@executable_path/Frameworks",
				);
				MARKETING_VERSION = 1.0;
				PRODUCT_BUNDLE_IDENTIFIER = "dmitriikim.TheMealDB-API";
				PRODUCT_NAME = "$(TARGET_NAME)";
				SWIFT_EMIT_LOC_STRINGS = YES;
				SWIFT_VERSION = 5.0;
				TARGETED_DEVICE_FAMILY = "1,2";
			};
			name = Release;
		};
/* End XCBuildConfiguration section */

/* Begin XCConfigurationList section */
		3B0A4B1129E115BA00779F07 /* Build configuration list for PBXProject "TheMealDB_API" */ = {
			isa = XCConfigurationList;
			buildConfigurations = (
				3B0A4B2829E115BC00779F07 /* Debug */,
				3B0A4B2929E115BC00779F07 /* Release */,
			);
			defaultConfigurationIsVisible = 0;
			defaultConfigurationName = Release;
		};
		3B0A4B2A29E115BC00779F07 /* Build configuration list for PBXNativeTarget "TheMealDB_API" */ = {
			isa = XCConfigurationList;
			buildConfigurations = (
				3B0A4B2B29E115BC00779F07 /* Debug */,
				3B0A4B2C29E115BC00779F07 /* Release */,
			);
			defaultConfigurationIsVisible = 0;
			defaultConfigurationName = Release;
		};
/* End XCConfigurationList section */
	};
	rootObject = 3B0A4B0E29E115BA00779F07 /* Project object */;
}
